<?xml version="1.0" encoding="utf-8"?>
<Project ToolsVersion="4.0" xmlns="http://schemas.microsoft.com/developer/msbuild/2003">
  <ItemGroup>
    <Filter Include="來源檔案">
      <UniqueIdentifier>{4FC737F1-C7A5-4376-A066-2A32D752A2FF}</UniqueIdentifier>
      <Extensions>cpp;c;cc;cxx;c++;cppm;ixx;def;odl;idl;hpj;bat;asm;asmx</Extensions>
    </Filter>
    <Filter Include="標頭檔">
      <UniqueIdentifier>{93995380-89BD-4b04-88EB-625FBE52EBFB}</UniqueIdentifier>
      <Extensions>h;hh;hpp;hxx;h++;hm;inl;inc;ipp;xsd</Extensions>
    </Filter>
    <Filter Include="資源檔">
      <UniqueIdentifier>{67DA6AB6-F800-4c08-8B7A-83BB121AAD01}</UniqueIdentifier>
      <Extensions>rc;ico;cur;bmp;dlg;rc2;rct;bin;rgs;gif;jpg;jpeg;jpe;resx;tiff;tif;png;wav;mfcribbon-ms</Extensions>
    </Filter>
  </ItemGroup>
  <ItemGroup>
    <ClCompile Include="MainInit.cpp">
      <Filter>來源檔案</Filter>
    </ClCompile>
    <ClCompile Include="Source\Scene\SceneManager.cpp">
      <Filter>來源檔案</Filter>
    </ClCompile>
    <ClCompile Include="Source\Scene\Base\BaseScene.cpp">
      <Filter>來源檔案</Filter>
    </ClCompile>
    <ClCompile Include="Source\Scene\Title\TitleScene.cpp">
      <Filter>來源檔案</Filter>
    </ClCompile>
    <ClCompile Include="Source\Common\Debug\_DebugConOut.cpp">
      <Filter>來源檔案</Filter>
    </ClCompile>
    <ClCompile Include="Source\Common\Debug\_DebugDispOut.cpp">
      <Filter>來源檔案</Filter>
    </ClCompile>
    <ClCompile Include="Source\Common\LoadManager.cpp">
      <Filter>來源檔案</Filter>
    </ClCompile>
    <ClCompile Include="Source\Common\TimeCount.cpp">
      <Filter>來源檔案</Filter>
    </ClCompile>
    <ClCompile Include="Source\Common\Function.cpp">
      <Filter>來源檔案</Filter>
    </ClCompile>
    <ClCompile Include="Source\Scene\Base\BasePanel.cpp">
      <Filter>來源檔案</Filter>
    </ClCompile>
    <ClCompile Include="Source\Scene\Base\MenuPanel.cpp">
      <Filter>來源檔案</Filter>
    </ClCompile>
    <ClCompile Include="Source\Scene\Title\TitleMenu.cpp">
      <Filter>來源檔案</Filter>
    </ClCompile>
    <ClCompile Include="Source\Scene\Base\Slot.cpp">
      <Filter>來源檔案</Filter>
    </ClCompile>
    <ClCompile Include="Source\Scene\Title\TitleMenuSlot.cpp">
      <Filter>來源檔案</Filter>
    </ClCompile>
    <ClCompile Include="Source\Common\Input\MouseCtl.cpp">
      <Filter>來源檔案</Filter>
    </ClCompile>
    <ClCompile Include="Source\Common\EventDelegateManager.cpp">
      <Filter>來源檔案</Filter>
    </ClCompile>
    <ClCompile Include="Source\Scene\Base\TranScene.cpp">
      <Filter>來源檔案</Filter>
    </ClCompile>
    <ClCompile Include="Source\Scene\CrossOver.cpp">
      <Filter>來源檔案</Filter>
    </ClCompile>
    <ClCompile Include="Source\Scene\Game\GameScene.cpp">
      <Filter>來源檔案</Filter>
    </ClCompile>
    <ClCompile Include="Source\Scene\Base\CollisionBox.cpp">
      <Filter>來源檔案</Filter>
    </ClCompile>
  </ItemGroup>
  <ItemGroup>
    <ClInclude Include="Source\Scene\SceneManager.h">
      <Filter>標頭檔</Filter>
    </ClInclude>
    <ClInclude Include="Source\Common\Singleton.h">
      <Filter>標頭檔</Filter>
    </ClInclude>
    <ClInclude Include="Source\Scene\Base\BaseScene.h">
      <Filter>標頭檔</Filter>
    </ClInclude>
    <ClInclude Include="Source\Scene\Title\TitleScene.h">
      <Filter>標頭檔</Filter>
    </ClInclude>
    <ClInclude Include="Source\Common\Debug\_DebugDispOut.h">
      <Filter>標頭檔</Filter>
    </ClInclude>
    <ClInclude Include="Source\Common\Debug\_DebugConOut.h">
      <Filter>標頭檔</Filter>
    </ClInclude>
    <ClInclude Include="Source\Common\Vector2.h">
      <Filter>標頭檔</Filter>
    </ClInclude>
    <ClInclude Include="Source\Common\detail\Vector2.h">
      <Filter>標頭檔</Filter>
    </ClInclude>
    <ClInclude Include="Source\Common\LoadManager.h">
      <Filter>標頭檔</Filter>
    </ClInclude>
    <ClInclude Include="Source\Common\TimeCount.h">
      <Filter>標頭檔</Filter>
    </ClInclude>
    <ClInclude Include="Source\Common\Function.h">
      <Filter>標頭檔</Filter>
    </ClInclude>
    <ClInclude Include="Source\Scene\Base\BasePanel.h">
      <Filter>標頭檔</Filter>
    </ClInclude>
    <ClInclude Include="Source\Scene\Base\MenuPanel.h">
      <Filter>標頭檔</Filter>
    </ClInclude>
    <ClInclude Include="Source\Scene\Title\TitleMenu.h">
      <Filter>標頭檔</Filter>
    </ClInclude>
    <ClInclude Include="Source\Scene\Base\Slot.h">
      <Filter>標頭檔</Filter>
    </ClInclude>
    <ClInclude Include="Source\Scene\Title\TitleMenuSlot.h">
      <Filter>標頭檔</Filter>
    </ClInclude>
    <ClInclude Include="Source\Scene\Base\CollisionBox.h">
      <Filter>標頭檔</Filter>
    </ClInclude>
    <ClInclude Include="Source\Common\Input\MouseCtl.h">
      <Filter>標頭檔</Filter>
    </ClInclude>
    <ClInclude Include="Source\Common\EventDelegateManager.h">
      <Filter>標頭檔</Filter>
    </ClInclude>
    <ClInclude Include="Source\Scene\Base\TranScene.h">
      <Filter>標頭檔</Filter>
    </ClInclude>
    <ClInclude Include="Source\Scene\CrossOver.h">
      <Filter>標頭檔</Filter>
    </ClInclude>
    <ClInclude Include="Source\Scene\Game\GameScene.h">
      <Filter>標頭檔</Filter>
    </ClInclude>
  </ItemGroup>
</Project>